
Microsoft Visual Studio Solution File, Format Version 10.00
# Visual Studio 2008
Project("{8BC9CEB8-8B4A-11D0-8D11-00A0C91BC942}") = "exceptions", "exceptions\exceptions.vcproj", "{2AE585B8-5F7E-42B7-A081-CE34E3FF0DAC}"
EndProject
Global
	GlobalSection(SolutionConfigurationPlatforms) = preSolution
		Debug|Win32 = Debug|Win32
		Release|Win32 = Release|Win32
	EndGlobalSection
	GlobalSection(ProjectConfigurationPlatforms) = postSolution
		{2AE585B8-5F7E-42B7-A081-CE34E3FF0DAC}.Debug|Win32.ActiveCfg = Debug|Win32
		{2AE585B8-5F7E-42B7-A081-CE34E3FF0DAC}.Debug|Win32.Build.0 = Debug|Win32
		{2AE585B8-5F7E-42B7-A081-CE34E3FF0DAC}.Release|Win32.ActiveCfg = Release|Win32
		{2AE585B8-5F7E-42B7-A081-CE34E3FF0DAC}.Release|Win32.Build.0 = Release|Win32
	EndGlobalSection
	GlobalSection(SolutionProperties) = preSolution
		HideSolutionNode = FALSE
	EndGlobalSection
EndGlobal
